
Microsoft Visual Studio Solution File, Format Version 12.00
# Visual Studio Version 16
VisualStudioVersion = 16.0.32510.428
MinimumVisualStudioVersion = 10.0.40219.1
Project("{8BC9CEB8-8B4A-11D0-8D11-00A0C91BC942}") = "Matrices Calculator", "Matrices Calculator.vcxproj", "{8D5A8DB5-0827-4151-B07A-525379F927CE}"
EndProject
Global
	GlobalSection(SolutionConfigurationPlatforms) = preSolution
		Debug|x64 = Debug|x64
		Debug|x86 = Debug|x86
		Release|x64 = Release|x64
		Release|x86 = Release|x86
	EndGlobalSection
	GlobalSection(ProjectConfigurationPlatforms) = postSolution
		{8D5A8DB5-0827-4151-B07A-525379F927CE}.Debug|x64.ActiveCfg = Debug|x64
		{8D5A8DB5-0827-4151-B07A-525379F927CE}.Debug|x64.Build.0 = Debug|x64
		{8D5A8DB5-0827-4151-B07A-525379F927CE}.Debug|x86.ActiveCfg = Debug|Win32
		{8D5A8DB5-0827-4151-B07A-525379F927CE}.Debug|x86.Build.0 = Debug|Win32
		{8D5A8DB5-0827-4151-B07A-525379F927CE}.Release|x64.ActiveCfg = Release|x64
		{8D5A8DB5-0827-4151-B07A-525379F927CE}.Release|x64.Build.0 = Release|x64
		{8D5A8DB5-0827-4151-B07A-525379F927CE}.Release|x86.ActiveCfg = Release|Win32
		{8D5A8DB5-0827-4151-B07A-525379F927CE}.Release|x86.Build.0 = Release|Win32
	EndGlobalSection
	GlobalSection(SolutionProperties) = preSolution
		HideSolutionNode = FALSE
	EndGlobalSection
	GlobalSection(ExtensibilityGlobals) = postSolution
		SolutionGuid = {D8545E00-0E94-411E-80FD-B2C82E4160E1}
	EndGlobalSection
EndGlobal
